github.com/gmartinez8/pooltask v0.0.1 h1:WySrzn0RGNxYeeX44b4Cu7mVvJRZUdSKSAL/XjRU8JY=
github.com/gmartinez8/pooltask v0.0.1/go.mod h1:za2YP3u5lg4ly+ucNxP0cf052oVvY/b/ktVdifuM7wY=
github.com/gmartinez8/pooltask v0.0.2 h1:P144U2DccieSS+McdtlWQEZRMxSbuCk0w3m7mSR/LKQ=
github.com/gmartinez8/pooltask v0.0.2/go.mod h1:za2YP3u5lg4ly+ucNxP0cf052oVvY/b/ktVdifuM7wY=
github.com/gmartinez8/pooltask v0.0.3 h1:HDOr5//oZU3vHtL1FF7UaMUsedo4LnYSttwsch/Jsp0=
github.com/gmartinez8/pooltask v0.0.3/go.mod h1:za2YP3u5lg4ly+ucNxP0cf052oVvY/b/ktVdifuM7wY=
github.com/gmartinez8/server v0.0.1 h1:s0cy701/ixVgFC+M8T8jYeq9qXfbtYgHw7Hdddc82xE=
github.com/gmartinez8/server v0.0.1/go.mod h1:imvDX61LtgJXjX5Zlw06T++UerqcBcyUZPceYeG6YEY=
